
Microsoft Visual Studio Solution File, Format Version 12.00
# Visual Studio Version 17
VisualStudioVersion = 17.7.34031.279
MinimumVisualStudioVersion = 10.0.40219.1
Project("{FAE04EC0-301F-11D3-BF4B-00C04F79EFBC}") = "tabeland", "tabeland\tabeland.csproj", "{FE598ECB-A46A-44E1-B090-58B38620ABE3}"
EndProject
Global
	GlobalSection(SolutionConfigurationPlatforms) = preSolution
		Debug|Any CPU = Debug|Any CPU
		Release|Any CPU = Release|Any CPU
	EndGlobalSection
	GlobalSection(ProjectConfigurationPlatforms) = postSolution
		{FE598ECB-A46A-44E1-B090-58B38620ABE3}.Debug|Any CPU.ActiveCfg = Debug|Any CPU
		{FE598ECB-A46A-44E1-B090-58B38620ABE3}.Debug|Any CPU.Build.0 = Debug|Any CPU
		{FE598ECB-A46A-44E1-B090-58B38620ABE3}.Release|Any CPU.ActiveCfg = Release|Any CPU
		{FE598ECB-A46A-44E1-B090-58B38620ABE3}.Release|Any CPU.Build.0 = Release|Any CPU
	EndGlobalSection
	GlobalSection(SolutionProperties) = preSolution
		HideSolutionNode = FALSE
	EndGlobalSection
	GlobalSection(ExtensibilityGlobals) = postSolution
		SolutionGuid = {106B06EF-4FF0-4E6B-B821-7A0F543AD4E9}
	EndGlobalSection
EndGlobal
